
Microsoft Visual Studio Solution File, Format Version 12.00
# Visual Studio 15
VisualStudioVersion = 15.0.27130.2036
MinimumVisualStudioVersion = 10.0.40219.1
Project("{FAE04EC0-301F-11D3-BF4B-00C04F79EFBC}") = "ITMeric.ImageCrop", "ITMeric.ImageCrop\ITMeric.ImageCrop.csproj", "{F7C272DE-E33C-49CE-98BF-A8B60E89FCC8}"
EndProject
Project("{FAE04EC0-301F-11D3-BF4B-00C04F79EFBC}") = "ITMeric.ImageCrop.Sample", "ITMeric.ImageCrop.Sample\ITMeric.ImageCrop.Sample.csproj", "{DA756C87-21DF-4E20-846E-6D9A51BC1AB6}"
EndProject
Global
	GlobalSection(SolutionConfigurationPlatforms) = preSolution
		Debug|Any CPU = Debug|Any CPU
		Release|Any CPU = Release|Any CPU
	EndGlobalSection
	GlobalSection(ProjectConfigurationPlatforms) = postSolution
		{F7C272DE-E33C-49CE-98BF-A8B60E89FCC8}.Debug|Any CPU.ActiveCfg = Debug|Any CPU
		{F7C272DE-E33C-49CE-98BF-A8B60E89FCC8}.Debug|Any CPU.Build.0 = Debug|Any CPU
		{F7C272DE-E33C-49CE-98BF-A8B60E89FCC8}.Release|Any CPU.ActiveCfg = Release|Any CPU
		{F7C272DE-E33C-49CE-98BF-A8B60E89FCC8}.Release|Any CPU.Build.0 = Release|Any CPU
		{DA756C87-21DF-4E20-846E-6D9A51BC1AB6}.Debug|Any CPU.ActiveCfg = Debug|Any CPU
		{DA756C87-21DF-4E20-846E-6D9A51BC1AB6}.Debug|Any CPU.Build.0 = Debug|Any CPU
		{DA756C87-21DF-4E20-846E-6D9A51BC1AB6}.Release|Any CPU.ActiveCfg = Release|Any CPU
		{DA756C87-21DF-4E20-846E-6D9A51BC1AB6}.Release|Any CPU.Build.0 = Release|Any CPU
	EndGlobalSection
	GlobalSection(SolutionProperties) = preSolution
		HideSolutionNode = FALSE
	EndGlobalSection
	GlobalSection(ExtensibilityGlobals) = postSolution
		SolutionGuid = {25F78D23-F65E-41D9-ABF8-B4253B2BAD12}
	EndGlobalSection
EndGlobal
